
Microsoft Visual Studio Solution File, Format Version 12.00
# Visual Studio Version 17
VisualStudioVersion = 17.0.31903.59
MinimumVisualStudioVersion = 10.0.40219.1
Project("{FAE04EC0-301F-11D3-BF4B-00C04F79EFBC}") = "TestSMSConsoleApp", "TestSMSConsoleApp\TestSMSConsoleApp.csproj", "{0AD531C4-347E-43F4-8BDC-C6C988B8C707}"
EndProject
Project("{FAE04EC0-301F-11D3-BF4B-00C04F79EFBC}") = "TestSMSHttpClientLibrary", "TestSMSHttpClientLibrary\TestSMSHttpClientLibrary.csproj", "{06AC1F85-D1AF-474D-B687-2304F5B27BCB}"
EndProject
Global
	GlobalSection(SolutionConfigurationPlatforms) = preSolution
		Debug|Any CPU = Debug|Any CPU
		Debug|x64 = Debug|x64
		Debug|x86 = Debug|x86
		Release|Any CPU = Release|Any CPU
		Release|x64 = Release|x64
		Release|x86 = Release|x86
	EndGlobalSection
	GlobalSection(ProjectConfigurationPlatforms) = postSolution
		{0AD531C4-347E-43F4-8BDC-C6C988B8C707}.Debug|Any CPU.ActiveCfg = Debug|Any CPU
		{0AD531C4-347E-43F4-8BDC-C6C988B8C707}.Debug|Any CPU.Build.0 = Debug|Any CPU
		{0AD531C4-347E-43F4-8BDC-C6C988B8C707}.Debug|x64.ActiveCfg = Debug|Any CPU
		{0AD531C4-347E-43F4-8BDC-C6C988B8C707}.Debug|x64.Build.0 = Debug|Any CPU
		{0AD531C4-347E-43F4-8BDC-C6C988B8C707}.Debug|x86.ActiveCfg = Debug|Any CPU
		{0AD531C4-347E-43F4-8BDC-C6C988B8C707}.Debug|x86.Build.0 = Debug|Any CPU
		{0AD531C4-347E-43F4-8BDC-C6C988B8C707}.Release|Any CPU.ActiveCfg = Release|Any CPU
		{0AD531C4-347E-43F4-8BDC-C6C988B8C707}.Release|Any CPU.Build.0 = Release|Any CPU
		{0AD531C4-347E-43F4-8BDC-C6C988B8C707}.Release|x64.ActiveCfg = Release|Any CPU
		{0AD531C4-347E-43F4-8BDC-C6C988B8C707}.Release|x64.Build.0 = Release|Any CPU
		{0AD531C4-347E-43F4-8BDC-C6C988B8C707}.Release|x86.ActiveCfg = Release|Any CPU
		{0AD531C4-347E-43F4-8BDC-C6C988B8C707}.Release|x86.Build.0 = Release|Any CPU
		{06AC1F85-D1AF-474D-B687-2304F5B27BCB}.Debug|Any CPU.ActiveCfg = Debug|Any CPU
		{06AC1F85-D1AF-474D-B687-2304F5B27BCB}.Debug|Any CPU.Build.0 = Debug|Any CPU
		{06AC1F85-D1AF-474D-B687-2304F5B27BCB}.Debug|x64.ActiveCfg = Debug|Any CPU
		{06AC1F85-D1AF-474D-B687-2304F5B27BCB}.Debug|x64.Build.0 = Debug|Any CPU
		{06AC1F85-D1AF-474D-B687-2304F5B27BCB}.Debug|x86.ActiveCfg = Debug|Any CPU
		{06AC1F85-D1AF-474D-B687-2304F5B27BCB}.Debug|x86.Build.0 = Debug|Any CPU
		{06AC1F85-D1AF-474D-B687-2304F5B27BCB}.Release|Any CPU.ActiveCfg = Release|Any CPU
		{06AC1F85-D1AF-474D-B687-2304F5B27BCB}.Release|Any CPU.Build.0 = Release|Any CPU
		{06AC1F85-D1AF-474D-B687-2304F5B27BCB}.Release|x64.ActiveCfg = Release|Any CPU
		{06AC1F85-D1AF-474D-B687-2304F5B27BCB}.Release|x64.Build.0 = Release|Any CPU
		{06AC1F85-D1AF-474D-B687-2304F5B27BCB}.Release|x86.ActiveCfg = Release|Any CPU
		{06AC1F85-D1AF-474D-B687-2304F5B27BCB}.Release|x86.Build.0 = Release|Any CPU
	EndGlobalSection
	GlobalSection(SolutionProperties) = preSolution
		HideSolutionNode = FALSE
	EndGlobalSection
EndGlobal
